
Microsoft Visual Studio Solution File, Format Version 12.00
# Visual Studio 14
VisualStudioVersion = 14.0.24720.0
MinimumVisualStudioVersion = 10.0.40219.1
Project("{2150E333-8FDC-42A3-9474-1A3956D46DE8}") = "00 DomainLayer", "00 DomainLayer", "{671B87A0-F08C-4BEA-AE64-1D6C632F2613}"
EndProject
Project("{2150E333-8FDC-42A3-9474-1A3956D46DE8}") = "01 Infrastructure Layer", "01 Infrastructure Layer", "{D060687C-A543-4C22-AF09-7907F486D351}"
EndProject
Project("{2150E333-8FDC-42A3-9474-1A3956D46DE8}") = "99 Presentation Layer", "99 Presentation Layer", "{21F5567E-FFBA-421C-92FE-6AFECCEAF88A}"
EndProject
Project("{FAE04EC0-301F-11D3-BF4B-00C04F79EFBC}") = "MetaWpf.App", "MetaWpf.App\MetaWpf.App.csproj", "{83E2102A-3EE2-478B-B757-9A23B60EC1D8}"
EndProject
Project("{FAE04EC0-301F-11D3-BF4B-00C04F79EFBC}") = "MetaWpf.Infrastructures", "MetaWpf.Infrastructures\MetaWpf.Infrastructures.csproj", "{FC07AF83-F08E-42CB-ADAA-A189E855D7CA}"
EndProject
Project("{2150E333-8FDC-42A3-9474-1A3956D46DE8}") = "90 Modules", "90 Modules", "{23CFA5D3-A160-4E6F-AD6A-8C02F110CE60}"
EndProject
Project("{FAE04EC0-301F-11D3-BF4B-00C04F79EFBC}") = "MetaWpf.Modules.MainMenu", "MetaWpf.Modules.MainMenu\MetaWpf.Modules.MainMenu.csproj", "{FCA9785C-D3BC-441C-8AC7-70085261BB89}"
EndProject
Project("{FAE04EC0-301F-11D3-BF4B-00C04F79EFBC}") = "MetaWpf.Modules.Calculator", "MetaWpf.Modules.Calculator\MetaWpf.Modules.Calculator.csproj", "{B04024CE-6EA4-4E33-8E2F-9A85757FC498}"
EndProject
Project("{2150E333-8FDC-42A3-9474-1A3956D46DE8}") = "Common", "Common", "{D539EF4B-ACC3-42D1-8332-8486F9879E50}"
EndProject
Project("{FAE04EC0-301F-11D3-BF4B-00C04F79EFBC}") = "MetaWpf.Common.UI", "MetaWpf.Common.UI\MetaWpf.Common.UI.csproj", "{9CF4F51F-04C0-4BDB-B999-1AA760DF8326}"
EndProject
Project("{FAE04EC0-301F-11D3-BF4B-00C04F79EFBC}") = "MetaWpf.Common.Resources", "MetaWpf.Common.Resources\MetaWpf.Common.Resources.csproj", "{3C318476-0C54-4C87-A846-E76D8CBCFAC8}"
EndProject
Project("{FAE04EC0-301F-11D3-BF4B-00C04F79EFBC}") = "MetaWpf.Domain", "MetaWpf.Domain\MetaWpf.Domain.csproj", "{AA6BB4E0-3E6F-4BDA-8FEF-EB960D44045A}"
EndProject
Project("{FAE04EC0-301F-11D3-BF4B-00C04F79EFBC}") = "MetaWpf.Domain.Test", "MetaWpf.Domain.Test\MetaWpf.Domain.Test.csproj", "{DA837CA6-CF80-40AC-B8F7-F4B1D0FCD135}"
EndProject
Global
	GlobalSection(SolutionConfigurationPlatforms) = preSolution
		Debug|Any CPU = Debug|Any CPU
		Release|Any CPU = Release|Any CPU
	EndGlobalSection
	GlobalSection(ProjectConfigurationPlatforms) = postSolution
		{83E2102A-3EE2-478B-B757-9A23B60EC1D8}.Debug|Any CPU.ActiveCfg = Debug|Any CPU
		{83E2102A-3EE2-478B-B757-9A23B60EC1D8}.Debug|Any CPU.Build.0 = Debug|Any CPU
		{83E2102A-3EE2-478B-B757-9A23B60EC1D8}.Release|Any CPU.ActiveCfg = Release|Any CPU
		{83E2102A-3EE2-478B-B757-9A23B60EC1D8}.Release|Any CPU.Build.0 = Release|Any CPU
		{FC07AF83-F08E-42CB-ADAA-A189E855D7CA}.Debug|Any CPU.ActiveCfg = Debug|Any CPU
		{FC07AF83-F08E-42CB-ADAA-A189E855D7CA}.Debug|Any CPU.Build.0 = Debug|Any CPU
		{FC07AF83-F08E-42CB-ADAA-A189E855D7CA}.Release|Any CPU.ActiveCfg = Release|Any CPU
		{FC07AF83-F08E-42CB-ADAA-A189E855D7CA}.Release|Any CPU.Build.0 = Release|Any CPU
		{FCA9785C-D3BC-441C-8AC7-70085261BB89}.Debug|Any CPU.ActiveCfg = Debug|Any CPU
		{FCA9785C-D3BC-441C-8AC7-70085261BB89}.Debug|Any CPU.Build.0 = Debug|Any CPU
		{FCA9785C-D3BC-441C-8AC7-70085261BB89}.Release|Any CPU.ActiveCfg = Release|Any CPU
		{FCA9785C-D3BC-441C-8AC7-70085261BB89}.Release|Any CPU.Build.0 = Release|Any CPU
		{B04024CE-6EA4-4E33-8E2F-9A85757FC498}.Debug|Any CPU.ActiveCfg = Debug|Any CPU
		{B04024CE-6EA4-4E33-8E2F-9A85757FC498}.Debug|Any CPU.Build.0 = Debug|Any CPU
		{B04024CE-6EA4-4E33-8E2F-9A85757FC498}.Release|Any CPU.ActiveCfg = Release|Any CPU
		{B04024CE-6EA4-4E33-8E2F-9A85757FC498}.Release|Any CPU.Build.0 = Release|Any CPU
		{9CF4F51F-04C0-4BDB-B999-1AA760DF8326}.Debug|Any CPU.ActiveCfg = Debug|Any CPU
		{9CF4F51F-04C0-4BDB-B999-1AA760DF8326}.Debug|Any CPU.Build.0 = Debug|Any CPU
		{9CF4F51F-04C0-4BDB-B999-1AA760DF8326}.Release|Any CPU.ActiveCfg = Release|Any CPU
		{9CF4F51F-04C0-4BDB-B999-1AA760DF8326}.Release|Any CPU.Build.0 = Release|Any CPU
		{3C318476-0C54-4C87-A846-E76D8CBCFAC8}.Debug|Any CPU.ActiveCfg = Debug|Any CPU
		{3C318476-0C54-4C87-A846-E76D8CBCFAC8}.Debug|Any CPU.Build.0 = Debug|Any CPU
		{3C318476-0C54-4C87-A846-E76D8CBCFAC8}.Release|Any CPU.ActiveCfg = Release|Any CPU
		{3C318476-0C54-4C87-A846-E76D8CBCFAC8}.Release|Any CPU.Build.0 = Release|Any CPU
		{AA6BB4E0-3E6F-4BDA-8FEF-EB960D44045A}.Debug|Any CPU.ActiveCfg = Debug|Any CPU
		{AA6BB4E0-3E6F-4BDA-8FEF-EB960D44045A}.Debug|Any CPU.Build.0 = Debug|Any CPU
		{AA6BB4E0-3E6F-4BDA-8FEF-EB960D44045A}.Release|Any CPU.ActiveCfg = Release|Any CPU
		{AA6BB4E0-3E6F-4BDA-8FEF-EB960D44045A}.Release|Any CPU.Build.0 = Release|Any CPU
		{DA837CA6-CF80-40AC-B8F7-F4B1D0FCD135}.Debug|Any CPU.ActiveCfg = Debug|Any CPU
		{DA837CA6-CF80-40AC-B8F7-F4B1D0FCD135}.Debug|Any CPU.Build.0 = Debug|Any CPU
		{DA837CA6-CF80-40AC-B8F7-F4B1D0FCD135}.Release|Any CPU.ActiveCfg = Release|Any CPU
		{DA837CA6-CF80-40AC-B8F7-F4B1D0FCD135}.Release|Any CPU.Build.0 = Release|Any CPU
	EndGlobalSection
	GlobalSection(SolutionProperties) = preSolution
		HideSolutionNode = FALSE
	EndGlobalSection
	GlobalSection(NestedProjects) = preSolution
		{83E2102A-3EE2-478B-B757-9A23B60EC1D8} = {21F5567E-FFBA-421C-92FE-6AFECCEAF88A}
		{FC07AF83-F08E-42CB-ADAA-A189E855D7CA} = {D060687C-A543-4C22-AF09-7907F486D351}
		{FCA9785C-D3BC-441C-8AC7-70085261BB89} = {23CFA5D3-A160-4E6F-AD6A-8C02F110CE60}
		{B04024CE-6EA4-4E33-8E2F-9A85757FC498} = {23CFA5D3-A160-4E6F-AD6A-8C02F110CE60}
		{D539EF4B-ACC3-42D1-8332-8486F9879E50} = {D060687C-A543-4C22-AF09-7907F486D351}
		{9CF4F51F-04C0-4BDB-B999-1AA760DF8326} = {D539EF4B-ACC3-42D1-8332-8486F9879E50}
		{3C318476-0C54-4C87-A846-E76D8CBCFAC8} = {D539EF4B-ACC3-42D1-8332-8486F9879E50}
		{AA6BB4E0-3E6F-4BDA-8FEF-EB960D44045A} = {671B87A0-F08C-4BEA-AE64-1D6C632F2613}
		{DA837CA6-CF80-40AC-B8F7-F4B1D0FCD135} = {671B87A0-F08C-4BEA-AE64-1D6C632F2613}
	EndGlobalSection
EndGlobal
